
Microsoft Visual Studio Solution File, Format Version 12.00
# Visual Studio 2017
Project("{FAE04EC0-301F-11D3-BF4B-00C04F79EFBC}") = "GoKillRaidBoss", "GoKillRaidBoss.csproj", "{77AF4307-1F18-9A95-9468-4F779AAA704F}"
EndProject
Project("{FAE04EC0-301F-11D3-BF4B-00C04F79EFBC}") = "GoKillRaidBoss.Plugins", "GoKillRaidBoss.Plugins.csproj", "{084C93A6-4909-DE58-E6BF-E511CD12CA81}"
EndProject
Project("{FAE04EC0-301F-11D3-BF4B-00C04F79EFBC}") = "GoKillRaidBoss.Editor", "GoKillRaidBoss.Editor.csproj", "{113849FF-73F4-82CF-CCFF-76A05D69BD5A}"
EndProject
Project("{FAE04EC0-301F-11D3-BF4B-00C04F79EFBC}") = "GoKillRaidBoss.Editor.Plugins", "GoKillRaidBoss.Editor.Plugins.csproj", "{CC8C30B6-3F4D-81D2-C5D8-797B1F3B491F}"
EndProject
Global
	GlobalSection(SolutionConfigurationPlatforms) = preSolution
		Debug|Any CPU = Debug|Any CPU
		Release|Any CPU = Release|Any CPU
	EndGlobalSection
	GlobalSection(ProjectConfigurationPlatforms) = postSolution
		{77AF4307-1F18-9A95-9468-4F779AAA704F}.Debug|Any CPU.ActiveCfg = Debug|Any CPU
		{77AF4307-1F18-9A95-9468-4F779AAA704F}.Debug|Any CPU.Build.0 = Debug|Any CPU
		{77AF4307-1F18-9A95-9468-4F779AAA704F}.Release|Any CPU.ActiveCfg = Release|Any CPU
		{77AF4307-1F18-9A95-9468-4F779AAA704F}.Release|Any CPU.Build.0 = Release|Any CPU
		{084C93A6-4909-DE58-E6BF-E511CD12CA81}.Debug|Any CPU.ActiveCfg = Debug|Any CPU
		{084C93A6-4909-DE58-E6BF-E511CD12CA81}.Debug|Any CPU.Build.0 = Debug|Any CPU
		{084C93A6-4909-DE58-E6BF-E511CD12CA81}.Release|Any CPU.ActiveCfg = Release|Any CPU
		{084C93A6-4909-DE58-E6BF-E511CD12CA81}.Release|Any CPU.Build.0 = Release|Any CPU
		{113849FF-73F4-82CF-CCFF-76A05D69BD5A}.Debug|Any CPU.ActiveCfg = Debug|Any CPU
		{113849FF-73F4-82CF-CCFF-76A05D69BD5A}.Debug|Any CPU.Build.0 = Debug|Any CPU
		{113849FF-73F4-82CF-CCFF-76A05D69BD5A}.Release|Any CPU.ActiveCfg = Release|Any CPU
		{113849FF-73F4-82CF-CCFF-76A05D69BD5A}.Release|Any CPU.Build.0 = Release|Any CPU
		{CC8C30B6-3F4D-81D2-C5D8-797B1F3B491F}.Debug|Any CPU.ActiveCfg = Debug|Any CPU
		{CC8C30B6-3F4D-81D2-C5D8-797B1F3B491F}.Debug|Any CPU.Build.0 = Debug|Any CPU
		{CC8C30B6-3F4D-81D2-C5D8-797B1F3B491F}.Release|Any CPU.ActiveCfg = Release|Any CPU
		{CC8C30B6-3F4D-81D2-C5D8-797B1F3B491F}.Release|Any CPU.Build.0 = Release|Any CPU
	EndGlobalSection
	GlobalSection(SolutionProperties) = preSolution
		HideSolutionNode = FALSE
	EndGlobalSection
EndGlobal
